
Microsoft Visual Studio Solution File, Format Version 12.00
# Visual Studio Version 17
VisualStudioVersion = 17.3.32922.545
MinimumVisualStudioVersion = 10.0.40219.1
Project("{FAE04EC0-301F-11D3-BF4B-00C04F79EFBC}") = "Tetris", "Tetris\Tetris.csproj", "{6B7DD9D3-D08E-4999-958E-B02531241BF4}"
EndProject
Global
	GlobalSection(SolutionConfigurationPlatforms) = preSolution
		Debug|Any CPU = Debug|Any CPU
		Release|Any CPU = Release|Any CPU
	EndGlobalSection
	GlobalSection(ProjectConfigurationPlatforms) = postSolution
		{6B7DD9D3-D08E-4999-958E-B02531241BF4}.Debug|Any CPU.ActiveCfg = Debug|Any CPU
		{6B7DD9D3-D08E-4999-958E-B02531241BF4}.Debug|Any CPU.Build.0 = Debug|Any CPU
		{6B7DD9D3-D08E-4999-958E-B02531241BF4}.Release|Any CPU.ActiveCfg = Release|Any CPU
		{6B7DD9D3-D08E-4999-958E-B02531241BF4}.Release|Any CPU.Build.0 = Release|Any CPU
	EndGlobalSection
	GlobalSection(SolutionProperties) = preSolution
		HideSolutionNode = FALSE
	EndGlobalSection
	GlobalSection(ExtensibilityGlobals) = postSolution
		SolutionGuid = {361118C9-6E2B-435C-BCE1-EEBFB8118CB1}
	EndGlobalSection
EndGlobal
